
Microsoft Visual Studio Solution File, Format Version 12.00
# Visual Studio Version 17
VisualStudioVersion = 17.0.31717.71
MinimumVisualStudioVersion = 10.0.40219.1
Project("{9A19103F-16F7-4668-BE54-9A1E7A4F7556}") = "WeatherApp", "WeatherApp\WeatherApp.csproj", "{59DC6CC2-9138-42AB-B12E-FE2BBF08FF86}"
EndProject
Project("{9A19103F-16F7-4668-BE54-9A1E7A4F7556}") = "MauiBlazorApp", "MauiBlazorApp\MauiBlazorApp.csproj", "{65BCFD54-AEFE-497E-B346-A5BDECDD2D89}"
EndProject
Global
	GlobalSection(SolutionConfigurationPlatforms) = preSolution
		Debug|Any CPU = Debug|Any CPU
		Release|Any CPU = Release|Any CPU
	EndGlobalSection
	GlobalSection(ProjectConfigurationPlatforms) = postSolution
		{59DC6CC2-9138-42AB-B12E-FE2BBF08FF86}.Debug|Any CPU.ActiveCfg = Debug|Any CPU
		{59DC6CC2-9138-42AB-B12E-FE2BBF08FF86}.Debug|Any CPU.Build.0 = Debug|Any CPU
		{59DC6CC2-9138-42AB-B12E-FE2BBF08FF86}.Release|Any CPU.ActiveCfg = Release|Any CPU
		{59DC6CC2-9138-42AB-B12E-FE2BBF08FF86}.Release|Any CPU.Build.0 = Release|Any CPU
		{65BCFD54-AEFE-497E-B346-A5BDECDD2D89}.Debug|Any CPU.ActiveCfg = Debug|Any CPU
		{65BCFD54-AEFE-497E-B346-A5BDECDD2D89}.Debug|Any CPU.Build.0 = Debug|Any CPU
		{65BCFD54-AEFE-497E-B346-A5BDECDD2D89}.Debug|Any CPU.Deploy.0 = Debug|Any CPU
		{65BCFD54-AEFE-497E-B346-A5BDECDD2D89}.Release|Any CPU.ActiveCfg = Release|Any CPU
		{65BCFD54-AEFE-497E-B346-A5BDECDD2D89}.Release|Any CPU.Build.0 = Release|Any CPU
		{65BCFD54-AEFE-497E-B346-A5BDECDD2D89}.Release|Any CPU.Deploy.0 = Release|Any CPU
	EndGlobalSection
	GlobalSection(SolutionProperties) = preSolution
		HideSolutionNode = FALSE
	EndGlobalSection
	GlobalSection(ExtensibilityGlobals) = postSolution
		SolutionGuid = {61F7FB11-1E47-470C-91E2-47F8143E1572}
	EndGlobalSection
EndGlobal
