
Microsoft Visual Studio Solution File, Format Version 12.00
# Visual Studio Version 16
VisualStudioVersion = 16.0.31220.234
MinimumVisualStudioVersion = 10.0.40219.1
Project("{9A19103F-16F7-4668-BE54-9A1E7A4F7556}") = "MauiBlazorApp", "MauiBlazorApp\MauiBlazorApp\MauiBlazorApp.csproj", "{972E0EFD-BDE9-4D4B-96E3-8ECAFE55A21E}"
EndProject
Project("{9A19103F-16F7-4668-BE54-9A1E7A4F7556}") = "MauiBlazorApp.WinUI", "MauiBlazorApp\MauiBlazorApp.WinUI\MauiBlazorApp.WinUI.csproj", "{28D6E85D-0814-4644-8498-0A7DF888DF3B}"
EndProject
Project("{FAE04EC0-301F-11D3-BF4B-00C04F79EFBC}") = "WeatherApp", "WeatherApp\WeatherApp.csproj", "{59DC6CC2-9138-42AB-B12E-FE2BBF08FF86}"
EndProject
Global
	GlobalSection(SolutionConfigurationPlatforms) = preSolution
		Debug|Any CPU = Debug|Any CPU
		Release|Any CPU = Release|Any CPU
	EndGlobalSection
	GlobalSection(ProjectConfigurationPlatforms) = postSolution
		{972E0EFD-BDE9-4D4B-96E3-8ECAFE55A21E}.Debug|Any CPU.ActiveCfg = Debug|Any CPU
		{972E0EFD-BDE9-4D4B-96E3-8ECAFE55A21E}.Debug|Any CPU.Build.0 = Debug|Any CPU
		{972E0EFD-BDE9-4D4B-96E3-8ECAFE55A21E}.Debug|Any CPU.Deploy.0 = Debug|Any CPU
		{972E0EFD-BDE9-4D4B-96E3-8ECAFE55A21E}.Release|Any CPU.ActiveCfg = Release|Any CPU
		{972E0EFD-BDE9-4D4B-96E3-8ECAFE55A21E}.Release|Any CPU.Build.0 = Release|Any CPU
		{972E0EFD-BDE9-4D4B-96E3-8ECAFE55A21E}.Release|Any CPU.Deploy.0 = Release|Any CPU
		{28D6E85D-0814-4644-8498-0A7DF888DF3B}.Debug|Any CPU.ActiveCfg = Debug|Any CPU
		{28D6E85D-0814-4644-8498-0A7DF888DF3B}.Debug|Any CPU.Build.0 = Debug|Any CPU
		{28D6E85D-0814-4644-8498-0A7DF888DF3B}.Debug|Any CPU.Deploy.0 = Debug|Any CPU
		{28D6E85D-0814-4644-8498-0A7DF888DF3B}.Release|Any CPU.ActiveCfg = Release|Any CPU
		{28D6E85D-0814-4644-8498-0A7DF888DF3B}.Release|Any CPU.Build.0 = Release|Any CPU
		{28D6E85D-0814-4644-8498-0A7DF888DF3B}.Release|Any CPU.Deploy.0 = Release|Any CPU
		{59DC6CC2-9138-42AB-B12E-FE2BBF08FF86}.Debug|Any CPU.ActiveCfg = Debug|Any CPU
		{59DC6CC2-9138-42AB-B12E-FE2BBF08FF86}.Debug|Any CPU.Build.0 = Debug|Any CPU
		{59DC6CC2-9138-42AB-B12E-FE2BBF08FF86}.Release|Any CPU.ActiveCfg = Release|Any CPU
		{59DC6CC2-9138-42AB-B12E-FE2BBF08FF86}.Release|Any CPU.Build.0 = Release|Any CPU
	EndGlobalSection
	GlobalSection(SolutionProperties) = preSolution
		HideSolutionNode = FALSE
	EndGlobalSection
	GlobalSection(ExtensibilityGlobals) = postSolution
		SolutionGuid = {61F7FB11-1E47-470C-91E2-47F8143E1572}
	EndGlobalSection
EndGlobal
